
Microsoft Visual Studio Solution File, Format Version 12.00
# Visual Studio Version 16
VisualStudioVersion = 16.0.31112.23
MinimumVisualStudioVersion = 10.0.40219.1
Project("{FAE04EC0-301F-11D3-BF4B-00C04F79EFBC}") = "DataAccess", "..\DataAccess\DataAccess.csproj", "{C29AC45D-1D40-4BA0-A6FB-13D745028645}"
EndProject
Project("{FAE04EC0-301F-11D3-BF4B-00C04F79EFBC}") = "BusinessOperations", "..\BusinessOperations\BusinessOperations.csproj", "{2B9D209F-62C9-4042-8EAA-FEC9A5712410}"
EndProject
Project("{FAE04EC0-301F-11D3-BF4B-00C04F79EFBC}") = "BillingAPI", "..\BillingAPI\BillingAPI.csproj", "{8AF5E0C1-259F-4962-9335-158BCCD63CEC}"
EndProject
Global
	GlobalSection(SolutionConfigurationPlatforms) = preSolution
		Debug|Any CPU = Debug|Any CPU
		Release|Any CPU = Release|Any CPU
	EndGlobalSection
	GlobalSection(ProjectConfigurationPlatforms) = postSolution
		{C29AC45D-1D40-4BA0-A6FB-13D745028645}.Debug|Any CPU.ActiveCfg = Debug|Any CPU
		{C29AC45D-1D40-4BA0-A6FB-13D745028645}.Debug|Any CPU.Build.0 = Debug|Any CPU
		{C29AC45D-1D40-4BA0-A6FB-13D745028645}.Release|Any CPU.ActiveCfg = Release|Any CPU
		{C29AC45D-1D40-4BA0-A6FB-13D745028645}.Release|Any CPU.Build.0 = Release|Any CPU
		{2B9D209F-62C9-4042-8EAA-FEC9A5712410}.Debug|Any CPU.ActiveCfg = Debug|Any CPU
		{2B9D209F-62C9-4042-8EAA-FEC9A5712410}.Debug|Any CPU.Build.0 = Debug|Any CPU
		{2B9D209F-62C9-4042-8EAA-FEC9A5712410}.Release|Any CPU.ActiveCfg = Release|Any CPU
		{2B9D209F-62C9-4042-8EAA-FEC9A5712410}.Release|Any CPU.Build.0 = Release|Any CPU
		{8AF5E0C1-259F-4962-9335-158BCCD63CEC}.Debug|Any CPU.ActiveCfg = Debug|Any CPU
		{8AF5E0C1-259F-4962-9335-158BCCD63CEC}.Debug|Any CPU.Build.0 = Debug|Any CPU
		{8AF5E0C1-259F-4962-9335-158BCCD63CEC}.Release|Any CPU.ActiveCfg = Release|Any CPU
		{8AF5E0C1-259F-4962-9335-158BCCD63CEC}.Release|Any CPU.Build.0 = Release|Any CPU
	EndGlobalSection
	GlobalSection(SolutionProperties) = preSolution
		HideSolutionNode = FALSE
	EndGlobalSection
	GlobalSection(ExtensibilityGlobals) = postSolution
		SolutionGuid = {F430BF44-60E6-477F-9C99-F85DA0CE427C}
	EndGlobalSection
EndGlobal
